
Microsoft Visual Studio Solution File, Format Version 12.00
# Visual Studio 2013
VisualStudioVersion = 12.0.40629.0
MinimumVisualStudioVersion = 10.0.40219.1
Project("{FAE04EC0-301F-11D3-BF4B-00C04F79EFBC}") = "AutoDataConnector", "AutoDataConnector\AutoDataConnector.csproj", "{68335A23-193A-4185-BC8F-A314F0C2815B}"
EndProject
Project("{FAE04EC0-301F-11D3-BF4B-00C04F79EFBC}") = "UnitTests", "UnitTests\UnitTests.csproj", "{D6F86E1F-E06F-4F6E-A342-A79B6A15874B}"
EndProject
Global
	GlobalSection(SolutionConfigurationPlatforms) = preSolution
		Debug|Any CPU = Debug|Any CPU
		Release|Any CPU = Release|Any CPU
	EndGlobalSection
	GlobalSection(ProjectConfigurationPlatforms) = postSolution
		{68335A23-193A-4185-BC8F-A314F0C2815B}.Debug|Any CPU.ActiveCfg = Debug|Any CPU
		{68335A23-193A-4185-BC8F-A314F0C2815B}.Debug|Any CPU.Build.0 = Debug|Any CPU
		{68335A23-193A-4185-BC8F-A314F0C2815B}.Release|Any CPU.ActiveCfg = Release|Any CPU
		{68335A23-193A-4185-BC8F-A314F0C2815B}.Release|Any CPU.Build.0 = Release|Any CPU
		{D6F86E1F-E06F-4F6E-A342-A79B6A15874B}.Debug|Any CPU.ActiveCfg = Debug|Any CPU
		{D6F86E1F-E06F-4F6E-A342-A79B6A15874B}.Debug|Any CPU.Build.0 = Debug|Any CPU
		{D6F86E1F-E06F-4F6E-A342-A79B6A15874B}.Release|Any CPU.ActiveCfg = Release|Any CPU
		{D6F86E1F-E06F-4F6E-A342-A79B6A15874B}.Release|Any CPU.Build.0 = Release|Any CPU
	EndGlobalSection
	GlobalSection(SolutionProperties) = preSolution
		HideSolutionNode = FALSE
	EndGlobalSection
EndGlobal
